// !$*UTF8*$!
{
	archiveVersion = 1;
	classes = {
	};
	objectVersion = 56;
	objects = {

/* Begin PBXBuildFile section */
		37DDC7BE598DBAC7567DF642 /* Pods_ToDoYandex.framework in Frameworks */ = {isa = PBXBuildFile; fileRef = 0009B076D33EA75759BD2A29 /* Pods_ToDoYandex.framework */; };
		C7D996B9C820D967D6525A89 /* Pods_ToDoYandex_ToDoYandexUITests.framework in Frameworks */ = {isa = PBXBuildFile; fileRef = 1ACB2EF0E05D99D674DE2CD6 /* Pods_ToDoYandex_ToDoYandexUITests.framework */; };
		CE27CA6C2C35C4FD00E8BA39 /* CalendarView.swift in Sources */ = {isa = PBXBuildFile; fileRef = CE27CA6B2C35C4FD00E8BA39 /* CalendarView.swift */; };
		CE27CA6E2C35D5C500E8BA39 /* CalendarViewController.swift in Sources */ = {isa = PBXBuildFile; fileRef = CE27CA6D2C35D5C500E8BA39 /* CalendarViewController.swift */; };
		CE27CA702C35D6A700E8BA39 /* CalendarSUIView.swift in Sources */ = {isa = PBXBuildFile; fileRef = CE27CA6F2C35D6A700E8BA39 /* CalendarSUIView.swift */; };
		CE27CA722C367CB800E8BA39 /* CalendarViewModel.swift in Sources */ = {isa = PBXBuildFile; fileRef = CE27CA712C367CB800E8BA39 /* CalendarViewModel.swift */; };
		CE27CA742C367D9100E8BA39 /* TodoItemTableViewCell.swift in Sources */ = {isa = PBXBuildFile; fileRef = CE27CA732C367D9100E8BA39 /* TodoItemTableViewCell.swift */; };
		CE294C272C2C428000BA60F1 /* TaskDetailsViewModel.swift in Sources */ = {isa = PBXBuildFile; fileRef = CE294C262C2C428000BA60F1 /* TaskDetailsViewModel.swift */; };
		CE294C292C2C484D00BA60F1 /* TaskDetailsView.swift in Sources */ = {isa = PBXBuildFile; fileRef = CE294C282C2C484D00BA60F1 /* TaskDetailsView.swift */; };
		CE294C2B2C2C623E00BA60F1 /* Date+toString.swift in Sources */ = {isa = PBXBuildFile; fileRef = CE294C2A2C2C623E00BA60F1 /* Date+toString.swift */; };
		CE2C3B442C3DE44A006BE3EF /* CocoaLumberjackSwift in Frameworks */ = {isa = PBXBuildFile; productRef = CE2C3B432C3DE44A006BE3EF /* CocoaLumberjackSwift */; };
		CE3869EC2C3DA82B00B897D3 /* Constant.swift in Sources */ = {isa = PBXBuildFile; fileRef = CE3869EB2C3DA82B00B897D3 /* Constant.swift */; };
		CE4BC9102C260AFA00C5A166 /* FileCache.swift in Sources */ = {isa = PBXBuildFile; fileRef = CE4BC90F2C260AFA00C5A166 /* FileCache.swift */; };
		CE8FFEE82C2DE2D600CF0997 /* CustomTextEditor.swift in Sources */ = {isa = PBXBuildFile; fileRef = CE8FFEE72C2DE2D600CF0997 /* CustomTextEditor.swift */; };
		CEAD12112C382AA400B6E4FB /* ItemDateCollectionViewCell.swift in Sources */ = {isa = PBXBuildFile; fileRef = CEAD12102C382AA400B6E4FB /* ItemDateCollectionViewCell.swift */; };
		CEAD12132C389A4500B6E4FB /* TodoItemCategory.swift in Sources */ = {isa = PBXBuildFile; fileRef = CEAD12122C389A4500B6E4FB /* TodoItemCategory.swift */; };
		CEAD12152C389F2400B6E4FB /* CustomCategoryView.swift in Sources */ = {isa = PBXBuildFile; fileRef = CEAD12142C389F2400B6E4FB /* CustomCategoryView.swift */; };
		CECEE4962C22134200F1B946 /* ToDoYandexApp.swift in Sources */ = {isa = PBXBuildFile; fileRef = CECEE4952C22134200F1B946 /* ToDoYandexApp.swift */; };
		CECEE4982C22134200F1B946 /* ContentView.swift in Sources */ = {isa = PBXBuildFile; fileRef = CECEE4972C22134200F1B946 /* ContentView.swift */; };
		CECEE49A2C22134300F1B946 /* Assets.xcassets in Resources */ = {isa = PBXBuildFile; fileRef = CECEE4992C22134300F1B946 /* Assets.xcassets */; };
		CECEE49D2C22134300F1B946 /* Preview Assets.xcassets in Resources */ = {isa = PBXBuildFile; fileRef = CECEE49C2C22134300F1B946 /* Preview Assets.xcassets */; };
		CECEE4A72C22134400F1B946 /* ToDoYandexTests.swift in Sources */ = {isa = PBXBuildFile; fileRef = CECEE4A62C22134400F1B946 /* ToDoYandexTests.swift */; };
		CECEE4B12C22134400F1B946 /* ToDoYandexUITests.swift in Sources */ = {isa = PBXBuildFile; fileRef = CECEE4B02C22134400F1B946 /* ToDoYandexUITests.swift */; };
		CECEE4B32C22134400F1B946 /* ToDoYandexUITestsLaunchTests.swift in Sources */ = {isa = PBXBuildFile; fileRef = CECEE4B22C22134400F1B946 /* ToDoYandexUITestsLaunchTests.swift */; };
		CECEE4C12C2213BD00F1B946 /* TodoItem.swift in Sources */ = {isa = PBXBuildFile; fileRef = CECEE4C02C2213BD00F1B946 /* TodoItem.swift */; };
		CECEE4C42C2215D800F1B946 /* TodoItem+JsonParser.swift in Sources */ = {isa = PBXBuildFile; fileRef = CECEE4C32C2215D800F1B946 /* TodoItem+JsonParser.swift */; };
		CECEE4C62C221FDC00F1B946 /* TodoItem+CsvParser.swift in Sources */ = {isa = PBXBuildFile; fileRef = CECEE4C52C221FDC00F1B946 /* TodoItem+CsvParser.swift */; };
		CEDE565F2C25631F00E8BC21 /* TodoItem+Equatable.swift in Sources */ = {isa = PBXBuildFile; fileRef = CEDE565E2C25631F00E8BC21 /* TodoItem+Equatable.swift */; };
		CEEB07FB2C2EE53400CEE8E1 /* ContentViewModel.swift in Sources */ = {isa = PBXBuildFile; fileRef = CEEB07FA2C2EE53400CEE8E1 /* ContentViewModel.swift */; };
		CEEB07FD2C2F9BB000CEE8E1 /* Color+Hex.swift in Sources */ = {isa = PBXBuildFile; fileRef = CEEB07FC2C2F9BAF00CEE8E1 /* Color+Hex.swift */; };
		CEEDC6332C2B2577008F857C /* TodoRow.swift in Sources */ = {isa = PBXBuildFile; fileRef = CEEDC6322C2B2577008F857C /* TodoRow.swift */; };
		EA16B5ADDB8B5705FE01B976 /* Pods_ToDoYandexTests.framework in Frameworks */ = {isa = PBXBuildFile; fileRef = 78EB25431F177C58F9FEE8EF /* Pods_ToDoYandexTests.framework */; };
/* End PBXBuildFile section */

/* Begin PBXContainerItemProxy section */
		CECEE4A32C22134400F1B946 /* PBXContainerItemProxy */ = {
			isa = PBXContainerItemProxy;
			containerPortal = CECEE48A2C22134200F1B946 /* Project object */;
			proxyType = 1;
			remoteGlobalIDString = CECEE4912C22134200F1B946;
			remoteInfo = ToDoYandex;
		};
		CECEE4AD2C22134400F1B946 /* PBXContainerItemProxy */ = {
			isa = PBXContainerItemProxy;
			containerPortal = CECEE48A2C22134200F1B946 /* Project object */;
			proxyType = 1;
			remoteGlobalIDString = CECEE4912C22134200F1B946;
			remoteInfo = ToDoYandex;
		};
/* End PBXContainerItemProxy section */

/* Begin PBXFileReference section */
		0009B076D33EA75759BD2A29 /* Pods_ToDoYandex.framework */ = {isa = PBXFileReference; explicitFileType = wrapper.framework; includeInIndex = 0; path = Pods_ToDoYandex.framework; sourceTree = BUILT_PRODUCTS_DIR; };
		087E039972C21C2E38488EF3 /* Pods-ToDoYandex.debug.xcconfig */ = {isa = PBXFileReference; includeInIndex = 1; lastKnownFileType = text.xcconfig; name = "Pods-ToDoYandex.debug.xcconfig"; path = "Target Support Files/Pods-ToDoYandex/Pods-ToDoYandex.debug.xcconfig"; sourceTree = "<group>"; };
		0AADB057D683B6F0308C1B1E /* Pods-ToDoYandex-ToDoYandexUITests.debug.xcconfig */ = {isa = PBXFileReference; includeInIndex = 1; lastKnownFileType = text.xcconfig; name = "Pods-ToDoYandex-ToDoYandexUITests.debug.xcconfig"; path = "Target Support Files/Pods-ToDoYandex-ToDoYandexUITests/Pods-ToDoYandex-ToDoYandexUITests.debug.xcconfig"; sourceTree = "<group>"; };
		1ACB2EF0E05D99D674DE2CD6 /* Pods_ToDoYandex_ToDoYandexUITests.framework */ = {isa = PBXFileReference; explicitFileType = wrapper.framework; includeInIndex = 0; path = Pods_ToDoYandex_ToDoYandexUITests.framework; sourceTree = BUILT_PRODUCTS_DIR; };
		1C301D48DFD776F1089CA6D2 /* Pods-ToDoYandex.release.xcconfig */ = {isa = PBXFileReference; includeInIndex = 1; lastKnownFileType = text.xcconfig; name = "Pods-ToDoYandex.release.xcconfig"; path = "Target Support Files/Pods-ToDoYandex/Pods-ToDoYandex.release.xcconfig"; sourceTree = "<group>"; };
		2A98B21AB94EFB6A8FDDBD74 /* Pods-ToDoYandexTests.debug.xcconfig */ = {isa = PBXFileReference; includeInIndex = 1; lastKnownFileType = text.xcconfig; name = "Pods-ToDoYandexTests.debug.xcconfig"; path = "Target Support Files/Pods-ToDoYandexTests/Pods-ToDoYandexTests.debug.xcconfig"; sourceTree = "<group>"; };
		78EB25431F177C58F9FEE8EF /* Pods_ToDoYandexTests.framework */ = {isa = PBXFileReference; explicitFileType = wrapper.framework; includeInIndex = 0; path = Pods_ToDoYandexTests.framework; sourceTree = BUILT_PRODUCTS_DIR; };
		A0CC5F89D6CA933071CDE4F7 /* Pods-ToDoYandexTests.release.xcconfig */ = {isa = PBXFileReference; includeInIndex = 1; lastKnownFileType = text.xcconfig; name = "Pods-ToDoYandexTests.release.xcconfig"; path = "Target Support Files/Pods-ToDoYandexTests/Pods-ToDoYandexTests.release.xcconfig"; sourceTree = "<group>"; };
		CE27CA6B2C35C4FD00E8BA39 /* CalendarView.swift */ = {isa = PBXFileReference; lastKnownFileType = sourcecode.swift; path = CalendarView.swift; sourceTree = "<group>"; };
		CE27CA6D2C35D5C500E8BA39 /* CalendarViewController.swift */ = {isa = PBXFileReference; lastKnownFileType = sourcecode.swift; path = CalendarViewController.swift; sourceTree = "<group>"; };
		CE27CA6F2C35D6A700E8BA39 /* CalendarSUIView.swift */ = {isa = PBXFileReference; lastKnownFileType = sourcecode.swift; path = CalendarSUIView.swift; sourceTree = "<group>"; };
		CE27CA712C367CB800E8BA39 /* CalendarViewModel.swift */ = {isa = PBXFileReference; lastKnownFileType = sourcecode.swift; path = CalendarViewModel.swift; sourceTree = "<group>"; };
		CE27CA732C367D9100E8BA39 /* TodoItemTableViewCell.swift */ = {isa = PBXFileReference; lastKnownFileType = sourcecode.swift; path = TodoItemTableViewCell.swift; sourceTree = "<group>"; };
		CE294C262C2C428000BA60F1 /* TaskDetailsViewModel.swift */ = {isa = PBXFileReference; lastKnownFileType = sourcecode.swift; path = TaskDetailsViewModel.swift; sourceTree = "<group>"; };
		CE294C282C2C484D00BA60F1 /* TaskDetailsView.swift */ = {isa = PBXFileReference; lastKnownFileType = sourcecode.swift; path = TaskDetailsView.swift; sourceTree = "<group>"; };
		CE294C2A2C2C623E00BA60F1 /* Date+toString.swift */ = {isa = PBXFileReference; lastKnownFileType = sourcecode.swift; path = "Date+toString.swift"; sourceTree = "<group>"; };
		CE3869EB2C3DA82B00B897D3 /* Constant.swift */ = {isa = PBXFileReference; lastKnownFileType = sourcecode.swift; path = Constant.swift; sourceTree = "<group>"; };
		CE4BC90F2C260AFA00C5A166 /* FileCache.swift */ = {isa = PBXFileReference; lastKnownFileType = sourcecode.swift; path = FileCache.swift; sourceTree = "<group>"; };
		CE8FFEE72C2DE2D600CF0997 /* CustomTextEditor.swift */ = {isa = PBXFileReference; lastKnownFileType = sourcecode.swift; path = CustomTextEditor.swift; sourceTree = "<group>"; };
		CEAD12102C382AA400B6E4FB /* ItemDateCollectionViewCell.swift */ = {isa = PBXFileReference; lastKnownFileType = sourcecode.swift; path = ItemDateCollectionViewCell.swift; sourceTree = "<group>"; };
		CEAD12122C389A4500B6E4FB /* TodoItemCategory.swift */ = {isa = PBXFileReference; lastKnownFileType = sourcecode.swift; path = TodoItemCategory.swift; sourceTree = "<group>"; };
		CEAD12142C389F2400B6E4FB /* CustomCategoryView.swift */ = {isa = PBXFileReference; lastKnownFileType = sourcecode.swift; path = CustomCategoryView.swift; sourceTree = "<group>"; };
		CECEE4922C22134200F1B946 /* ToDoYandex.app */ = {isa = PBXFileReference; explicitFileType = wrapper.application; includeInIndex = 0; path = ToDoYandex.app; sourceTree = BUILT_PRODUCTS_DIR; };
		CECEE4952C22134200F1B946 /* ToDoYandexApp.swift */ = {isa = PBXFileReference; lastKnownFileType = sourcecode.swift; path = ToDoYandexApp.swift; sourceTree = "<group>"; };
		CECEE4972C22134200F1B946 /* ContentView.swift */ = {isa = PBXFileReference; lastKnownFileType = sourcecode.swift; path = ContentView.swift; sourceTree = "<group>"; };
		CECEE4992C22134300F1B946 /* Assets.xcassets */ = {isa = PBXFileReference; lastKnownFileType = folder.assetcatalog; path = Assets.xcassets; sourceTree = "<group>"; };
		CECEE49C2C22134300F1B946 /* Preview Assets.xcassets */ = {isa = PBXFileReference; lastKnownFileType = folder.assetcatalog; path = "Preview Assets.xcassets"; sourceTree = "<group>"; };
		CECEE4A22C22134400F1B946 /* ToDoYandexTests.xctest */ = {isa = PBXFileReference; explicitFileType = wrapper.cfbundle; includeInIndex = 0; path = ToDoYandexTests.xctest; sourceTree = BUILT_PRODUCTS_DIR; };
		CECEE4A62C22134400F1B946 /* ToDoYandexTests.swift */ = {isa = PBXFileReference; lastKnownFileType = sourcecode.swift; path = ToDoYandexTests.swift; sourceTree = "<group>"; };
		CECEE4AC2C22134400F1B946 /* ToDoYandexUITests.xctest */ = {isa = PBXFileReference; explicitFileType = wrapper.cfbundle; includeInIndex = 0; path = ToDoYandexUITests.xctest; sourceTree = BUILT_PRODUCTS_DIR; };
		CECEE4B02C22134400F1B946 /* ToDoYandexUITests.swift */ = {isa = PBXFileReference; lastKnownFileType = sourcecode.swift; path = ToDoYandexUITests.swift; sourceTree = "<group>"; };
		CECEE4B22C22134400F1B946 /* ToDoYandexUITestsLaunchTests.swift */ = {isa = PBXFileReference; lastKnownFileType = sourcecode.swift; path = ToDoYandexUITestsLaunchTests.swift; sourceTree = "<group>"; };
		CECEE4C02C2213BD00F1B946 /* TodoItem.swift */ = {isa = PBXFileReference; lastKnownFileType = sourcecode.swift; path = TodoItem.swift; sourceTree = "<group>"; };
		CECEE4C32C2215D800F1B946 /* TodoItem+JsonParser.swift */ = {isa = PBXFileReference; lastKnownFileType = sourcecode.swift; path = "TodoItem+JsonParser.swift"; sourceTree = "<group>"; };
		CECEE4C52C221FDC00F1B946 /* TodoItem+CsvParser.swift */ = {isa = PBXFileReference; lastKnownFileType = sourcecode.swift; path = "TodoItem+CsvParser.swift"; sourceTree = "<group>"; };
		CEDE565E2C25631F00E8BC21 /* TodoItem+Equatable.swift */ = {isa = PBXFileReference; lastKnownFileType = sourcecode.swift; path = "TodoItem+Equatable.swift"; sourceTree = "<group>"; };
		CEEB07FA2C2EE53400CEE8E1 /* ContentViewModel.swift */ = {isa = PBXFileReference; lastKnownFileType = sourcecode.swift; path = ContentViewModel.swift; sourceTree = "<group>"; };
		CEEB07FC2C2F9BAF00CEE8E1 /* Color+Hex.swift */ = {isa = PBXFileReference; lastKnownFileType = sourcecode.swift; path = "Color+Hex.swift"; sourceTree = "<group>"; };
		CEEDC6322C2B2577008F857C /* TodoRow.swift */ = {isa = PBXFileReference; lastKnownFileType = sourcecode.swift; path = TodoRow.swift; sourceTree = "<group>"; };
		D9FDE4DEB6B63C2B2D9BD339 /* Pods-ToDoYandex-ToDoYandexUITests.release.xcconfig */ = {isa = PBXFileReference; includeInIndex = 1; lastKnownFileType = text.xcconfig; name = "Pods-ToDoYandex-ToDoYandexUITests.release.xcconfig"; path = "Target Support Files/Pods-ToDoYandex-ToDoYandexUITests/Pods-ToDoYandex-ToDoYandexUITests.release.xcconfig"; sourceTree = "<group>"; };
/* End PBXFileReference section */

/* Begin PBXFrameworksBuildPhase section */
		CECEE48F2C22134200F1B946 /* Frameworks */ = {
			isa = PBXFrameworksBuildPhase;
			buildActionMask = 2147483647;
			files = (
				CE2C3B442C3DE44A006BE3EF /* CocoaLumberjackSwift in Frameworks */,
				37DDC7BE598DBAC7567DF642 /* Pods_ToDoYandex.framework in Frameworks */,
			);
			runOnlyForDeploymentPostprocessing = 0;
		};
		CECEE49F2C22134400F1B946 /* Frameworks */ = {
			isa = PBXFrameworksBuildPhase;
			buildActionMask = 2147483647;
			files = (
				EA16B5ADDB8B5705FE01B976 /* Pods_ToDoYandexTests.framework in Frameworks */,
			);
			runOnlyForDeploymentPostprocessing = 0;
		};
		CECEE4A92C22134400F1B946 /* Frameworks */ = {
			isa = PBXFrameworksBuildPhase;
			buildActionMask = 2147483647;
			files = (
				C7D996B9C820D967D6525A89 /* Pods_ToDoYandex_ToDoYandexUITests.framework in Frameworks */,
			);
			runOnlyForDeploymentPostprocessing = 0;
		};
/* End PBXFrameworksBuildPhase section */

/* Begin PBXGroup section */
		02F58C589B55048DB5BDF210 /* Pods */ = {
			isa = PBXGroup;
			children = (
				087E039972C21C2E38488EF3 /* Pods-ToDoYandex.debug.xcconfig */,
				1C301D48DFD776F1089CA6D2 /* Pods-ToDoYandex.release.xcconfig */,
				0AADB057D683B6F0308C1B1E /* Pods-ToDoYandex-ToDoYandexUITests.debug.xcconfig */,
				D9FDE4DEB6B63C2B2D9BD339 /* Pods-ToDoYandex-ToDoYandexUITests.release.xcconfig */,
				2A98B21AB94EFB6A8FDDBD74 /* Pods-ToDoYandexTests.debug.xcconfig */,
				A0CC5F89D6CA933071CDE4F7 /* Pods-ToDoYandexTests.release.xcconfig */,
			);
			path = Pods;
			sourceTree = "<group>";
		};
		AFC0F0A3B22C843BC88E40BA /* Frameworks */ = {
			isa = PBXGroup;
			children = (
				0009B076D33EA75759BD2A29 /* Pods_ToDoYandex.framework */,
				1ACB2EF0E05D99D674DE2CD6 /* Pods_ToDoYandex_ToDoYandexUITests.framework */,
				78EB25431F177C58F9FEE8EF /* Pods_ToDoYandexTests.framework */,
			);
			name = Frameworks;
			sourceTree = "<group>";
		};
		CE27CA6A2C35C48600E8BA39 /* Calendar */ = {
			isa = PBXGroup;
			children = (
				CE27CA6B2C35C4FD00E8BA39 /* CalendarView.swift */,
				CE27CA6D2C35D5C500E8BA39 /* CalendarViewController.swift */,
				CE27CA732C367D9100E8BA39 /* TodoItemTableViewCell.swift */,
				CEAD12102C382AA400B6E4FB /* ItemDateCollectionViewCell.swift */,
			);
			path = Calendar;
			sourceTree = "<group>";
		};
		CE294C252C2C426C00BA60F1 /* ViewModel */ = {
			isa = PBXGroup;
			children = (
				CE294C262C2C428000BA60F1 /* TaskDetailsViewModel.swift */,
				CEEB07FA2C2EE53400CEE8E1 /* ContentViewModel.swift */,
				CE27CA712C367CB800E8BA39 /* CalendarViewModel.swift */,
			);
			path = ViewModel;
			sourceTree = "<group>";
		};
		CE3869EA2C3DA7EF00B897D3 /* Resource */ = {
			isa = PBXGroup;
			children = (
				CECEE4992C22134300F1B946 /* Assets.xcassets */,
				CE3869EB2C3DA82B00B897D3 /* Constant.swift */,
			);
			path = Resource;
			sourceTree = "<group>";
		};
		CE4BC90E2C260AEA00C5A166 /* Service */ = {
			isa = PBXGroup;
			children = (
				CE4BC90F2C260AFA00C5A166 /* FileCache.swift */,
			);
			path = Service;
			sourceTree = "<group>";
		};
		CECEE4892C22134200F1B946 = {
			isa = PBXGroup;
			children = (
				CECEE4942C22134200F1B946 /* ToDoYandex */,
				CECEE4A52C22134400F1B946 /* ToDoYandexTests */,
				CECEE4AF2C22134400F1B946 /* ToDoYandexUITests */,
				CECEE4932C22134200F1B946 /* Products */,
				02F58C589B55048DB5BDF210 /* Pods */,
				AFC0F0A3B22C843BC88E40BA /* Frameworks */,
			);
			sourceTree = "<group>";
		};
		CECEE4932C22134200F1B946 /* Products */ = {
			isa = PBXGroup;
			children = (
				CECEE4922C22134200F1B946 /* ToDoYandex.app */,
				CECEE4A22C22134400F1B946 /* ToDoYandexTests.xctest */,
				CECEE4AC2C22134400F1B946 /* ToDoYandexUITests.xctest */,
			);
			name = Products;
			sourceTree = "<group>";
		};
		CECEE4942C22134200F1B946 /* ToDoYandex */ = {
			isa = PBXGroup;
			children = (
				CE3869EA2C3DA7EF00B897D3 /* Resource */,
				CE294C252C2C426C00BA60F1 /* ViewModel */,
				CEEDC6312C2B2567008F857C /* View */,
				CE4BC90E2C260AEA00C5A166 /* Service */,
				CECEE4C22C22159200F1B946 /* Extension */,
				CECEE4BF2C2213A800F1B946 /* Model */,
				CECEE4952C22134200F1B946 /* ToDoYandexApp.swift */,
				CECEE49B2C22134300F1B946 /* Preview Content */,
			);
			path = ToDoYandex;
			sourceTree = "<group>";
		};
		CECEE49B2C22134300F1B946 /* Preview Content */ = {
			isa = PBXGroup;
			children = (
				CECEE49C2C22134300F1B946 /* Preview Assets.xcassets */,
			);
			path = "Preview Content";
			sourceTree = "<group>";
		};
		CECEE4A52C22134400F1B946 /* ToDoYandexTests */ = {
			isa = PBXGroup;
			children = (
				CECEE4A62C22134400F1B946 /* ToDoYandexTests.swift */,
			);
			path = ToDoYandexTests;
			sourceTree = "<group>";
		};
		CECEE4AF2C22134400F1B946 /* ToDoYandexUITests */ = {
			isa = PBXGroup;
			children = (
				CECEE4B02C22134400F1B946 /* ToDoYandexUITests.swift */,
				CECEE4B22C22134400F1B946 /* ToDoYandexUITestsLaunchTests.swift */,
			);
			path = ToDoYandexUITests;
			sourceTree = "<group>";
		};
		CECEE4BF2C2213A800F1B946 /* Model */ = {
			isa = PBXGroup;
			children = (
				CECEE4C02C2213BD00F1B946 /* TodoItem.swift */,
				CEAD12122C389A4500B6E4FB /* TodoItemCategory.swift */,
			);
			path = Model;
			sourceTree = "<group>";
		};
		CECEE4C22C22159200F1B946 /* Extension */ = {
			isa = PBXGroup;
			children = (
				CECEE4C32C2215D800F1B946 /* TodoItem+JsonParser.swift */,
				CECEE4C52C221FDC00F1B946 /* TodoItem+CsvParser.swift */,
				CEDE565E2C25631F00E8BC21 /* TodoItem+Equatable.swift */,
				CE294C2A2C2C623E00BA60F1 /* Date+toString.swift */,
				CEEB07FC2C2F9BAF00CEE8E1 /* Color+Hex.swift */,
			);
			path = Extension;
			sourceTree = "<group>";
		};
		CEEDC6312C2B2567008F857C /* View */ = {
			isa = PBXGroup;
			children = (
				CE27CA6A2C35C48600E8BA39 /* Calendar */,
				CECEE4972C22134200F1B946 /* ContentView.swift */,
				CEEDC6322C2B2577008F857C /* TodoRow.swift */,
				CE294C282C2C484D00BA60F1 /* TaskDetailsView.swift */,
				CE8FFEE72C2DE2D600CF0997 /* CustomTextEditor.swift */,
				CE27CA6F2C35D6A700E8BA39 /* CalendarSUIView.swift */,
				CEAD12142C389F2400B6E4FB /* CustomCategoryView.swift */,
			);
			path = View;
			sourceTree = "<group>";
		};
/* End PBXGroup section */

/* Begin PBXNativeTarget section */
		CECEE4912C22134200F1B946 /* ToDoYandex */ = {
			isa = PBXNativeTarget;
			buildConfigurationList = CECEE4B62C22134400F1B946 /* Build configuration list for PBXNativeTarget "ToDoYandex" */;
			buildPhases = (
				66EA9BEEB05B786004EBD590 /* [CP] Check Pods Manifest.lock */,
				CECEE48E2C22134200F1B946 /* Sources */,
				CECEE48F2C22134200F1B946 /* Frameworks */,
				CECEE4902C22134200F1B946 /* Resources */,
				CE2C3B412C3DD81B006BE3EF /* ShellScript */,
			);
			buildRules = (
			);
			dependencies = (
			);
			name = ToDoYandex;
			packageProductDependencies = (
				CE2C3B432C3DE44A006BE3EF /* CocoaLumberjackSwift */,
			);
			productName = ToDoYandex;
			productReference = CECEE4922C22134200F1B946 /* ToDoYandex.app */;
			productType = "com.apple.product-type.application";
		};
		CECEE4A12C22134400F1B946 /* ToDoYandexTests */ = {
			isa = PBXNativeTarget;
			buildConfigurationList = CECEE4B92C22134400F1B946 /* Build configuration list for PBXNativeTarget "ToDoYandexTests" */;
			buildPhases = (
				0398893F5E711A17BDA04707 /* [CP] Check Pods Manifest.lock */,
				CECEE49E2C22134400F1B946 /* Sources */,
				CECEE49F2C22134400F1B946 /* Frameworks */,
				CECEE4A02C22134400F1B946 /* Resources */,
			);
			buildRules = (
			);
			dependencies = (
				CECEE4A42C22134400F1B946 /* PBXTargetDependency */,
			);
			name = ToDoYandexTests;
			productName = ToDoYandexTests;
			productReference = CECEE4A22C22134400F1B946 /* ToDoYandexTests.xctest */;
			productType = "com.apple.product-type.bundle.unit-test";
		};
		CECEE4AB2C22134400F1B946 /* ToDoYandexUITests */ = {
			isa = PBXNativeTarget;
			buildConfigurationList = CECEE4BC2C22134400F1B946 /* Build configuration list for PBXNativeTarget "ToDoYandexUITests" */;
			buildPhases = (
				6033A0D1BF4922F92B009085 /* [CP] Check Pods Manifest.lock */,
				CECEE4A82C22134400F1B946 /* Sources */,
				CECEE4A92C22134400F1B946 /* Frameworks */,
				CECEE4AA2C22134400F1B946 /* Resources */,
			);
			buildRules = (
			);
			dependencies = (
				CECEE4AE2C22134400F1B946 /* PBXTargetDependency */,
			);
			name = ToDoYandexUITests;
			productName = ToDoYandexUITests;
			productReference = CECEE4AC2C22134400F1B946 /* ToDoYandexUITests.xctest */;
			productType = "com.apple.product-type.bundle.ui-testing";
		};
/* End PBXNativeTarget section */

/* Begin PBXProject section */
		CECEE48A2C22134200F1B946 /* Project object */ = {
			isa = PBXProject;
			attributes = {
				BuildIndependentTargetsInParallel = 1;
				LastSwiftUpdateCheck = 1400;
				LastUpgradeCheck = 1400;
				TargetAttributes = {
					CECEE4912C22134200F1B946 = {
						CreatedOnToolsVersion = 14.0.1;
					};
					CECEE4A12C22134400F1B946 = {
						CreatedOnToolsVersion = 14.0.1;
						TestTargetID = CECEE4912C22134200F1B946;
					};
					CECEE4AB2C22134400F1B946 = {
						CreatedOnToolsVersion = 14.0.1;
						TestTargetID = CECEE4912C22134200F1B946;
					};
				};
			};
			buildConfigurationList = CECEE48D2C22134200F1B946 /* Build configuration list for PBXProject "ToDoYandex" */;
			compatibilityVersion = "Xcode 14.0";
			developmentRegion = en;
			hasScannedForEncodings = 0;
			knownRegions = (
				en,
				Base,
			);
			mainGroup = CECEE4892C22134200F1B946;
			packageReferences = (
				CE2C3B422C3DE44A006BE3EF /* XCRemoteSwiftPackageReference "CocoaLumberjack" */,
			);
			productRefGroup = CECEE4932C22134200F1B946 /* Products */;
			projectDirPath = "";
			projectRoot = "";
			targets = (
				CECEE4912C22134200F1B946 /* ToDoYandex */,
				CECEE4A12C22134400F1B946 /* ToDoYandexTests */,
				CECEE4AB2C22134400F1B946 /* ToDoYandexUITests */,
			);
		};
/* End PBXProject section */

/* Begin PBXResourcesBuildPhase section */
		CECEE4902C22134200F1B946 /* Resources */ = {
			isa = PBXResourcesBuildPhase;
			buildActionMask = 2147483647;
			files = (
				CECEE49D2C22134300F1B946 /* Preview Assets.xcassets in Resources */,
				CECEE49A2C22134300F1B946 /* Assets.xcassets in Resources */,
			);
			runOnlyForDeploymentPostprocessing = 0;
		};
		CECEE4A02C22134400F1B946 /* Resources */ = {
			isa = PBXResourcesBuildPhase;
			buildActionMask = 2147483647;
			files = (
			);
			runOnlyForDeploymentPostprocessing = 0;
		};
		CECEE4AA2C22134400F1B946 /* Resources */ = {
			isa = PBXResourcesBuildPhase;
			buildActionMask = 2147483647;
			files = (
			);
			runOnlyForDeploymentPostprocessing = 0;
		};
/* End PBXResourcesBuildPhase section */

/* Begin PBXShellScriptBuildPhase section */
		0398893F5E711A17BDA04707 /* [CP] Check Pods Manifest.lock */ = {
			isa = PBXShellScriptBuildPhase;
			buildActionMask = 2147483647;
			files = (
			);
			inputFileListPaths = (
			);
			inputPaths = (
				"${PODS_PODFILE_DIR_PATH}/Podfile.lock",
				"${PODS_ROOT}/Manifest.lock",
			);
			name = "[CP] Check Pods Manifest.lock";
			outputFileListPaths = (
			);
			outputPaths = (
				"$(DERIVED_FILE_DIR)/Pods-ToDoYandexTests-checkManifestLockResult.txt",
			);
			runOnlyForDeploymentPostprocessing = 0;
			shellPath = /bin/sh;
			shellScript = "diff \"${PODS_PODFILE_DIR_PATH}/Podfile.lock\" \"${PODS_ROOT}/Manifest.lock\" > /dev/null\nif [ $? != 0 ] ; then\n    # print error to STDERR\n    echo \"error: The sandbox is not in sync with the Podfile.lock. Run 'pod install' or update your CocoaPods installation.\" >&2\n    exit 1\nfi\n# This output is used by Xcode 'outputs' to avoid re-running this script phase.\necho \"SUCCESS\" > \"${SCRIPT_OUTPUT_FILE_0}\"\n";
			showEnvVarsInLog = 0;
		};
		6033A0D1BF4922F92B009085 /* [CP] Check Pods Manifest.lock */ = {
			isa = PBXShellScriptBuildPhase;
			buildActionMask = 2147483647;
			files = (
			);
			inputFileListPaths = (
			);
			inputPaths = (
				"${PODS_PODFILE_DIR_PATH}/Podfile.lock",
				"${PODS_ROOT}/Manifest.lock",
			);
			name = "[CP] Check Pods Manifest.lock";
			outputFileListPaths = (
			);
			outputPaths = (
				"$(DERIVED_FILE_DIR)/Pods-ToDoYandex-ToDoYandexUITests-checkManifestLockResult.txt",
			);
			runOnlyForDeploymentPostprocessing = 0;
			shellPath = /bin/sh;
			shellScript = "diff \"${PODS_PODFILE_DIR_PATH}/Podfile.lock\" \"${PODS_ROOT}/Manifest.lock\" > /dev/null\nif [ $? != 0 ] ; then\n    # print error to STDERR\n    echo \"error: The sandbox is not in sync with the Podfile.lock. Run 'pod install' or update your CocoaPods installation.\" >&2\n    exit 1\nfi\n# This output is used by Xcode 'outputs' to avoid re-running this script phase.\necho \"SUCCESS\" > \"${SCRIPT_OUTPUT_FILE_0}\"\n";
			showEnvVarsInLog = 0;
		};
		66EA9BEEB05B786004EBD590 /* [CP] Check Pods Manifest.lock */ = {
			isa = PBXShellScriptBuildPhase;
			buildActionMask = 2147483647;
			files = (
			);
			inputFileListPaths = (
			);
			inputPaths = (
				"${PODS_PODFILE_DIR_PATH}/Podfile.lock",
				"${PODS_ROOT}/Manifest.lock",
			);
			name = "[CP] Check Pods Manifest.lock";
			outputFileListPaths = (
			);
			outputPaths = (
				"$(DERIVED_FILE_DIR)/Pods-ToDoYandex-checkManifestLockResult.txt",
			);
			runOnlyForDeploymentPostprocessing = 0;
			shellPath = /bin/sh;
			shellScript = "diff \"${PODS_PODFILE_DIR_PATH}/Podfile.lock\" \"${PODS_ROOT}/Manifest.lock\" > /dev/null\nif [ $? != 0 ] ; then\n    # print error to STDERR\n    echo \"error: The sandbox is not in sync with the Podfile.lock. Run 'pod install' or update your CocoaPods installation.\" >&2\n    exit 1\nfi\n# This output is used by Xcode 'outputs' to avoid re-running this script phase.\necho \"SUCCESS\" > \"${SCRIPT_OUTPUT_FILE_0}\"\n";
			showEnvVarsInLog = 0;
		};
		CE2C3B412C3DD81B006BE3EF /* ShellScript */ = {
			isa = PBXShellScriptBuildPhase;
			alwaysOutOfDate = 1;
			buildActionMask = 12;
			files = (
			);
			inputFileListPaths = (
			);
			inputPaths = (
			);
			outputFileListPaths = (
			);
			outputPaths = (
			);
			runOnlyForDeploymentPostprocessing = 0;
			shellPath = /bin/sh;
			shellScript = "${PODS_ROOT}/SwiftLint/swiftlint\n";
		};
/* End PBXShellScriptBuildPhase section */

/* Begin PBXSourcesBuildPhase section */
		CECEE48E2C22134200F1B946 /* Sources */ = {
			isa = PBXSourcesBuildPhase;
			buildActionMask = 2147483647;
			files = (
				CE27CA6E2C35D5C500E8BA39 /* CalendarViewController.swift in Sources */,
				CE27CA6C2C35C4FD00E8BA39 /* CalendarView.swift in Sources */,
				CE8FFEE82C2DE2D600CF0997 /* CustomTextEditor.swift in Sources */,
				CEEB07FB2C2EE53400CEE8E1 /* ContentViewModel.swift in Sources */,
				CECEE4C62C221FDC00F1B946 /* TodoItem+CsvParser.swift in Sources */,
				CE294C2B2C2C623E00BA60F1 /* Date+toString.swift in Sources */,
				CE3869EC2C3DA82B00B897D3 /* Constant.swift in Sources */,
				CE27CA722C367CB800E8BA39 /* CalendarViewModel.swift in Sources */,
				CEAD12152C389F2400B6E4FB /* CustomCategoryView.swift in Sources */,
				CE27CA702C35D6A700E8BA39 /* CalendarSUIView.swift in Sources */,
				CEDE565F2C25631F00E8BC21 /* TodoItem+Equatable.swift in Sources */,
				CE294C272C2C428000BA60F1 /* TaskDetailsViewModel.swift in Sources */,
				CE294C292C2C484D00BA60F1 /* TaskDetailsView.swift in Sources */,
				CE27CA742C367D9100E8BA39 /* TodoItemTableViewCell.swift in Sources */,
				CEEB07FD2C2F9BB000CEE8E1 /* Color+Hex.swift in Sources */,
				CE4BC9102C260AFA00C5A166 /* FileCache.swift in Sources */,
				CEAD12112C382AA400B6E4FB /* ItemDateCollectionViewCell.swift in Sources */,
				CEAD12132C389A4500B6E4FB /* TodoItemCategory.swift in Sources */,
				CECEE4982C22134200F1B946 /* ContentView.swift in Sources */,
				CECEE4C12C2213BD00F1B946 /* TodoItem.swift in Sources */,
				CECEE4962C22134200F1B946 /* ToDoYandexApp.swift in Sources */,
				CEEDC6332C2B2577008F857C /* TodoRow.swift in Sources */,
				CECEE4C42C2215D800F1B946 /* TodoItem+JsonParser.swift in Sources */,
			);
			runOnlyForDeploymentPostprocessing = 0;
		};
		CECEE49E2C22134400F1B946 /* Sources */ = {
			isa = PBXSourcesBuildPhase;
			buildActionMask = 2147483647;
			files = (
				CECEE4A72C22134400F1B946 /* ToDoYandexTests.swift in Sources */,
			);
			runOnlyForDeploymentPostprocessing = 0;
		};
		CECEE4A82C22134400F1B946 /* Sources */ = {
			isa = PBXSourcesBuildPhase;
			buildActionMask = 2147483647;
			files = (
				CECEE4B12C22134400F1B946 /* ToDoYandexUITests.swift in Sources */,
				CECEE4B32C22134400F1B946 /* ToDoYandexUITestsLaunchTests.swift in Sources */,
			);
			runOnlyForDeploymentPostprocessing = 0;
		};
/* End PBXSourcesBuildPhase section */

/* Begin PBXTargetDependency section */
		CECEE4A42C22134400F1B946 /* PBXTargetDependency */ = {
			isa = PBXTargetDependency;
			target = CECEE4912C22134200F1B946 /* ToDoYandex */;
			targetProxy = CECEE4A32C22134400F1B946 /* PBXContainerItemProxy */;
		};
		CECEE4AE2C22134400F1B946 /* PBXTargetDependency */ = {
			isa = PBXTargetDependency;
			target = CECEE4912C22134200F1B946 /* ToDoYandex */;
			targetProxy = CECEE4AD2C22134400F1B946 /* PBXContainerItemProxy */;
		};
/* End PBXTargetDependency section */

/* Begin XCBuildConfiguration section */
		CECEE4B42C22134400F1B946 /* Debug */ = {
			isa = XCBuildConfiguration;
			buildSettings = {
				ALWAYS_SEARCH_USER_PATHS = NO;
				CLANG_ANALYZER_NONNULL = YES;
				CLANG_ANALYZER_NUMBER_OBJECT_CONVERSION = YES_AGGRESSIVE;
				CLANG_CXX_LANGUAGE_STANDARD = "gnu++20";
				CLANG_ENABLE_MODULES = YES;
				CLANG_ENABLE_OBJC_ARC = YES;
				CLANG_ENABLE_OBJC_WEAK = YES;
				CLANG_WARN_BLOCK_CAPTURE_AUTORELEASING = YES;
				CLANG_WARN_BOOL_CONVERSION = YES;
				CLANG_WARN_COMMA = YES;
				CLANG_WARN_CONSTANT_CONVERSION = YES;
				CLANG_WARN_DEPRECATED_OBJC_IMPLEMENTATIONS = YES;
				CLANG_WARN_DIRECT_OBJC_ISA_USAGE = YES_ERROR;
				CLANG_WARN_DOCUMENTATION_COMMENTS = YES;
				CLANG_WARN_EMPTY_BODY = YES;
				CLANG_WARN_ENUM_CONVERSION = YES;
				CLANG_WARN_INFINITE_RECURSION = YES;
				CLANG_WARN_INT_CONVERSION = YES;
				CLANG_WARN_NON_LITERAL_NULL_CONVERSION = YES;
				CLANG_WARN_OBJC_IMPLICIT_RETAIN_SELF = YES;
				CLANG_WARN_OBJC_LITERAL_CONVERSION = YES;
				CLANG_WARN_OBJC_ROOT_CLASS = YES_ERROR;
				CLANG_WARN_QUOTED_INCLUDE_IN_FRAMEWORK_HEADER = YES;
				CLANG_WARN_RANGE_LOOP_ANALYSIS = YES;
				CLANG_WARN_STRICT_PROTOTYPES = YES;
				CLANG_WARN_SUSPICIOUS_MOVE = YES;
				CLANG_WARN_UNGUARDED_AVAILABILITY = YES_AGGRESSIVE;
				CLANG_WARN_UNREACHABLE_CODE = YES;
				CLANG_WARN__DUPLICATE_METHOD_MATCH = YES;
				COPY_PHASE_STRIP = NO;
				DEBUG_INFORMATION_FORMAT = dwarf;
				ENABLE_STRICT_OBJC_MSGSEND = YES;
				ENABLE_TESTABILITY = YES;
				GCC_C_LANGUAGE_STANDARD = gnu11;
				GCC_DYNAMIC_NO_PIC = NO;
				GCC_NO_COMMON_BLOCKS = YES;
				GCC_OPTIMIZATION_LEVEL = 0;
				GCC_PREPROCESSOR_DEFINITIONS = (
					"DEBUG=1",
					"$(inherited)",
				);
				GCC_WARN_64_TO_32_BIT_CONVERSION = YES;
				GCC_WARN_ABOUT_RETURN_TYPE = YES_ERROR;
				GCC_WARN_UNDECLARED_SELECTOR = YES;
				GCC_WARN_UNINITIALIZED_AUTOS = YES_AGGRESSIVE;
				GCC_WARN_UNUSED_FUNCTION = YES;
				GCC_WARN_UNUSED_VARIABLE = YES;
				IPHONEOS_DEPLOYMENT_TARGET = 16.0;
				MTL_ENABLE_DEBUG_INFO = INCLUDE_SOURCE;
				MTL_FAST_MATH = YES;
				ONLY_ACTIVE_ARCH = YES;
				SDKROOT = iphoneos;
				SWIFT_ACTIVE_COMPILATION_CONDITIONS = DEBUG;
				SWIFT_OPTIMIZATION_LEVEL = "-Onone";
			};
			name = Debug;
		};
		CECEE4B52C22134400F1B946 /* Release */ = {
			isa = XCBuildConfiguration;
			buildSettings = {
				ALWAYS_SEARCH_USER_PATHS = NO;
				CLANG_ANALYZER_NONNULL = YES;
				CLANG_ANALYZER_NUMBER_OBJECT_CONVERSION = YES_AGGRESSIVE;
				CLANG_CXX_LANGUAGE_STANDARD = "gnu++20";
				CLANG_ENABLE_MODULES = YES;
				CLANG_ENABLE_OBJC_ARC = YES;
				CLANG_ENABLE_OBJC_WEAK = YES;
				CLANG_WARN_BLOCK_CAPTURE_AUTORELEASING = YES;
				CLANG_WARN_BOOL_CONVERSION = YES;
				CLANG_WARN_COMMA = YES;
				CLANG_WARN_CONSTANT_CONVERSION = YES;
				CLANG_WARN_DEPRECATED_OBJC_IMPLEMENTATIONS = YES;
				CLANG_WARN_DIRECT_OBJC_ISA_USAGE = YES_ERROR;
				CLANG_WARN_DOCUMENTATION_COMMENTS = YES;
				CLANG_WARN_EMPTY_BODY = YES;
				CLANG_WARN_ENUM_CONVERSION = YES;
				CLANG_WARN_INFINITE_RECURSION = YES;
				CLANG_WARN_INT_CONVERSION = YES;
				CLANG_WARN_NON_LITERAL_NULL_CONVERSION = YES;
				CLANG_WARN_OBJC_IMPLICIT_RETAIN_SELF = YES;
				CLANG_WARN_OBJC_LITERAL_CONVERSION = YES;
				CLANG_WARN_OBJC_ROOT_CLASS = YES_ERROR;
				CLANG_WARN_QUOTED_INCLUDE_IN_FRAMEWORK_HEADER = YES;
				CLANG_WARN_RANGE_LOOP_ANALYSIS = YES;
				CLANG_WARN_STRICT_PROTOTYPES = YES;
				CLANG_WARN_SUSPICIOUS_MOVE = YES;
				CLANG_WARN_UNGUARDED_AVAILABILITY = YES_AGGRESSIVE;
				CLANG_WARN_UNREACHABLE_CODE = YES;
				CLANG_WARN__DUPLICATE_METHOD_MATCH = YES;
				COPY_PHASE_STRIP = NO;
				DEBUG_INFORMATION_FORMAT = "dwarf-with-dsym";
				ENABLE_NS_ASSERTIONS = NO;
				ENABLE_STRICT_OBJC_MSGSEND = YES;
				GCC_C_LANGUAGE_STANDARD = gnu11;
				GCC_NO_COMMON_BLOCKS = YES;
				GCC_WARN_64_TO_32_BIT_CONVERSION = YES;
				GCC_WARN_ABOUT_RETURN_TYPE = YES_ERROR;
				GCC_WARN_UNDECLARED_SELECTOR = YES;
				GCC_WARN_UNINITIALIZED_AUTOS = YES_AGGRESSIVE;
				GCC_WARN_UNUSED_FUNCTION = YES;
				GCC_WARN_UNUSED_VARIABLE = YES;
				IPHONEOS_DEPLOYMENT_TARGET = 16.0;
				MTL_ENABLE_DEBUG_INFO = NO;
				MTL_FAST_MATH = YES;
				SDKROOT = iphoneos;
				SWIFT_COMPILATION_MODE = wholemodule;
				SWIFT_OPTIMIZATION_LEVEL = "-O";
				VALIDATE_PRODUCT = YES;
			};
			name = Release;
		};
		CECEE4B72C22134400F1B946 /* Debug */ = {
			isa = XCBuildConfiguration;
			baseConfigurationReference = 087E039972C21C2E38488EF3 /* Pods-ToDoYandex.debug.xcconfig */;
			buildSettings = {
				ASSETCATALOG_COMPILER_APPICON_NAME = AppIcon;
				ASSETCATALOG_COMPILER_GLOBAL_ACCENT_COLOR_NAME = AccentColor;
				CODE_SIGN_STYLE = Automatic;
				CURRENT_PROJECT_VERSION = 1;
				DEVELOPMENT_ASSET_PATHS = "\"ToDoYandex/Preview Content\"";
				DEVELOPMENT_TEAM = M7U2MKC2VB;
				ENABLE_PREVIEWS = YES;
				GENERATE_INFOPLIST_FILE = YES;
				INFOPLIST_KEY_UIApplicationSceneManifest_Generation = YES;
				INFOPLIST_KEY_UIApplicationSupportsIndirectInputEvents = YES;
				INFOPLIST_KEY_UILaunchScreen_Generation = YES;
				INFOPLIST_KEY_UISupportedInterfaceOrientations_iPad = "UIInterfaceOrientationPortrait UIInterfaceOrientationPortraitUpsideDown UIInterfaceOrientationLandscapeLeft UIInterfaceOrientationLandscapeRight";
				INFOPLIST_KEY_UISupportedInterfaceOrientations_iPhone = "UIInterfaceOrientationPortrait UIInterfaceOrientationLandscapeLeft UIInterfaceOrientationLandscapeRight";
				LD_RUNPATH_SEARCH_PATHS = (
					"$(inherited)",
					"@executable_path/Frameworks",
				);
				MARKETING_VERSION = 1.0;
				PRODUCT_BUNDLE_IDENTIFIER = e.ToDoYandex;
				PRODUCT_NAME = "$(TARGET_NAME)";
				SWIFT_EMIT_LOC_STRINGS = YES;
				SWIFT_VERSION = 5.0;
				TARGETED_DEVICE_FAMILY = "1,2";
			};
			name = Debug;
		};
		CECEE4B82C22134400F1B946 /* Release */ = {
			isa = XCBuildConfiguration;
			baseConfigurationReference = 1C301D48DFD776F1089CA6D2 /* Pods-ToDoYandex.release.xcconfig */;
			buildSettings = {
				ASSETCATALOG_COMPILER_APPICON_NAME = AppIcon;
				ASSETCATALOG_COMPILER_GLOBAL_ACCENT_COLOR_NAME = AccentColor;
				CODE_SIGN_STYLE = Automatic;
				CURRENT_PROJECT_VERSION = 1;
				DEVELOPMENT_ASSET_PATHS = "\"ToDoYandex/Preview Content\"";
				DEVELOPMENT_TEAM = M7U2MKC2VB;
				ENABLE_PREVIEWS = YES;
				GENERATE_INFOPLIST_FILE = YES;
				INFOPLIST_KEY_UIApplicationSceneManifest_Generation = YES;
				INFOPLIST_KEY_UIApplicationSupportsIndirectInputEvents = YES;
				INFOPLIST_KEY_UILaunchScreen_Generation = YES;
				INFOPLIST_KEY_UISupportedInterfaceOrientations_iPad = "UIInterfaceOrientationPortrait UIInterfaceOrientationPortraitUpsideDown UIInterfaceOrientationLandscapeLeft UIInterfaceOrientationLandscapeRight";
				INFOPLIST_KEY_UISupportedInterfaceOrientations_iPhone = "UIInterfaceOrientationPortrait UIInterfaceOrientationLandscapeLeft UIInterfaceOrientationLandscapeRight";
				LD_RUNPATH_SEARCH_PATHS = (
					"$(inherited)",
					"@executable_path/Frameworks",
				);
				MARKETING_VERSION = 1.0;
				PRODUCT_BUNDLE_IDENTIFIER = e.ToDoYandex;
				PRODUCT_NAME = "$(TARGET_NAME)";
				SWIFT_EMIT_LOC_STRINGS = YES;
				SWIFT_VERSION = 5.0;
				TARGETED_DEVICE_FAMILY = "1,2";
			};
			name = Release;
		};
		CECEE4BA2C22134400F1B946 /* Debug */ = {
			isa = XCBuildConfiguration;
			baseConfigurationReference = 2A98B21AB94EFB6A8FDDBD74 /* Pods-ToDoYandexTests.debug.xcconfig */;
			buildSettings = {
				ALWAYS_EMBED_SWIFT_STANDARD_LIBRARIES = YES;
				BUNDLE_LOADER = "$(TEST_HOST)";
				CODE_SIGN_STYLE = Automatic;
				CURRENT_PROJECT_VERSION = 1;
				GENERATE_INFOPLIST_FILE = YES;
				IPHONEOS_DEPLOYMENT_TARGET = 16.0;
				MARKETING_VERSION = 1.0;
				PRODUCT_BUNDLE_IDENTIFIER = e.ToDoYandexTests;
				PRODUCT_NAME = "$(TARGET_NAME)";
				SWIFT_EMIT_LOC_STRINGS = NO;
				SWIFT_VERSION = 5.0;
				TARGETED_DEVICE_FAMILY = "1,2";
				TEST_HOST = "$(BUILT_PRODUCTS_DIR)/ToDoYandex.app/$(BUNDLE_EXECUTABLE_FOLDER_PATH)/ToDoYandex";
			};
			name = Debug;
		};
		CECEE4BB2C22134400F1B946 /* Release */ = {
			isa = XCBuildConfiguration;
			baseConfigurationReference = A0CC5F89D6CA933071CDE4F7 /* Pods-ToDoYandexTests.release.xcconfig */;
			buildSettings = {
				ALWAYS_EMBED_SWIFT_STANDARD_LIBRARIES = YES;
				BUNDLE_LOADER = "$(TEST_HOST)";
				CODE_SIGN_STYLE = Automatic;
				CURRENT_PROJECT_VERSION = 1;
				GENERATE_INFOPLIST_FILE = YES;
				IPHONEOS_DEPLOYMENT_TARGET = 16.0;
				MARKETING_VERSION = 1.0;
				PRODUCT_BUNDLE_IDENTIFIER = e.ToDoYandexTests;
				PRODUCT_NAME = "$(TARGET_NAME)";
				SWIFT_EMIT_LOC_STRINGS = NO;
				SWIFT_VERSION = 5.0;
				TARGETED_DEVICE_FAMILY = "1,2";
				TEST_HOST = "$(BUILT_PRODUCTS_DIR)/ToDoYandex.app/$(BUNDLE_EXECUTABLE_FOLDER_PATH)/ToDoYandex";
			};
			name = Release;
		};
		CECEE4BD2C22134400F1B946 /* Debug */ = {
			isa = XCBuildConfiguration;
			baseConfigurationReference = 0AADB057D683B6F0308C1B1E /* Pods-ToDoYandex-ToDoYandexUITests.debug.xcconfig */;
			buildSettings = {
				ALWAYS_EMBED_SWIFT_STANDARD_LIBRARIES = YES;
				CODE_SIGN_STYLE = Automatic;
				CURRENT_PROJECT_VERSION = 1;
				GENERATE_INFOPLIST_FILE = YES;
				MARKETING_VERSION = 1.0;
				PRODUCT_BUNDLE_IDENTIFIER = e.ToDoYandexUITests;
				PRODUCT_NAME = "$(TARGET_NAME)";
				SWIFT_EMIT_LOC_STRINGS = NO;
				SWIFT_VERSION = 5.0;
				TARGETED_DEVICE_FAMILY = "1,2";
				TEST_TARGET_NAME = ToDoYandex;
			};
			name = Debug;
		};
		CECEE4BE2C22134400F1B946 /* Release */ = {
			isa = XCBuildConfiguration;
			baseConfigurationReference = D9FDE4DEB6B63C2B2D9BD339 /* Pods-ToDoYandex-ToDoYandexUITests.release.xcconfig */;
			buildSettings = {
				ALWAYS_EMBED_SWIFT_STANDARD_LIBRARIES = YES;
				CODE_SIGN_STYLE = Automatic;
				CURRENT_PROJECT_VERSION = 1;
				GENERATE_INFOPLIST_FILE = YES;
				MARKETING_VERSION = 1.0;
				PRODUCT_BUNDLE_IDENTIFIER = e.ToDoYandexUITests;
				PRODUCT_NAME = "$(TARGET_NAME)";
				SWIFT_EMIT_LOC_STRINGS = NO;
				SWIFT_VERSION = 5.0;
				TARGETED_DEVICE_FAMILY = "1,2";
				TEST_TARGET_NAME = ToDoYandex;
			};
			name = Release;
		};
/* End XCBuildConfiguration section */

/* Begin XCConfigurationList section */
		CECEE48D2C22134200F1B946 /* Build configuration list for PBXProject "ToDoYandex" */ = {
			isa = XCConfigurationList;
			buildConfigurations = (
				CECEE4B42C22134400F1B946 /* Debug */,
				CECEE4B52C22134400F1B946 /* Release */,
			);
			defaultConfigurationIsVisible = 0;
			defaultConfigurationName = Release;
		};
		CECEE4B62C22134400F1B946 /* Build configuration list for PBXNativeTarget "ToDoYandex" */ = {
			isa = XCConfigurationList;
			buildConfigurations = (
				CECEE4B72C22134400F1B946 /* Debug */,
				CECEE4B82C22134400F1B946 /* Release */,
			);
			defaultConfigurationIsVisible = 0;
			defaultConfigurationName = Release;
		};
		CECEE4B92C22134400F1B946 /* Build configuration list for PBXNativeTarget "ToDoYandexTests" */ = {
			isa = XCConfigurationList;
			buildConfigurations = (
				CECEE4BA2C22134400F1B946 /* Debug */,
				CECEE4BB2C22134400F1B946 /* Release */,
			);
			defaultConfigurationIsVisible = 0;
			defaultConfigurationName = Release;
		};
		CECEE4BC2C22134400F1B946 /* Build configuration list for PBXNativeTarget "ToDoYandexUITests" */ = {
			isa = XCConfigurationList;
			buildConfigurations = (
				CECEE4BD2C22134400F1B946 /* Debug */,
				CECEE4BE2C22134400F1B946 /* Release */,
			);
			defaultConfigurationIsVisible = 0;
			defaultConfigurationName = Release;
		};
/* End XCConfigurationList section */

/* Begin XCRemoteSwiftPackageReference section */
		CE2C3B422C3DE44A006BE3EF /* XCRemoteSwiftPackageReference "CocoaLumberjack" */ = {
			isa = XCRemoteSwiftPackageReference;
			repositoryURL = "https://github.com/CocoaLumberjack/CocoaLumberjack";
			requirement = {
				kind = upToNextMajorVersion;
				minimumVersion = 3.0.0;
			};
		};
/* End XCRemoteSwiftPackageReference section */

/* Begin XCSwiftPackageProductDependency section */
		CE2C3B432C3DE44A006BE3EF /* CocoaLumberjackSwift */ = {
			isa = XCSwiftPackageProductDependency;
			package = CE2C3B422C3DE44A006BE3EF /* XCRemoteSwiftPackageReference "CocoaLumberjack" */;
			productName = CocoaLumberjackSwift;
		};
/* End XCSwiftPackageProductDependency section */
	};
	rootObject = CECEE48A2C22134200F1B946 /* Project object */;
}
