// !$*UTF8*$!
{
	archiveVersion = 1;
	classes = {
	};
	objectVersion = 56;
	objects = {

/* Begin PBXBuildFile section */
		CE4BC9102C260AFA00C5A166 /* FileCache.swift in Sources */ = {isa = PBXBuildFile; fileRef = CE4BC90F2C260AFA00C5A166 /* FileCache.swift */; };
		CE4BC9142C261A9700C5A166 /* test.json in Resources */ = {isa = PBXBuildFile; fileRef = CE4BC9132C261A9700C5A166 /* test.json */; };
		CECEE4962C22134200F1B946 /* ToDoYandexApp.swift in Sources */ = {isa = PBXBuildFile; fileRef = CECEE4952C22134200F1B946 /* ToDoYandexApp.swift */; };
		CECEE4982C22134200F1B946 /* ContentView.swift in Sources */ = {isa = PBXBuildFile; fileRef = CECEE4972C22134200F1B946 /* ContentView.swift */; };
		CECEE49A2C22134300F1B946 /* Assets.xcassets in Resources */ = {isa = PBXBuildFile; fileRef = CECEE4992C22134300F1B946 /* Assets.xcassets */; };
		CECEE49D2C22134300F1B946 /* Preview Assets.xcassets in Resources */ = {isa = PBXBuildFile; fileRef = CECEE49C2C22134300F1B946 /* Preview Assets.xcassets */; };
		CECEE4A72C22134400F1B946 /* ToDoYandexTests.swift in Sources */ = {isa = PBXBuildFile; fileRef = CECEE4A62C22134400F1B946 /* ToDoYandexTests.swift */; };
		CECEE4B12C22134400F1B946 /* ToDoYandexUITests.swift in Sources */ = {isa = PBXBuildFile; fileRef = CECEE4B02C22134400F1B946 /* ToDoYandexUITests.swift */; };
		CECEE4B32C22134400F1B946 /* ToDoYandexUITestsLaunchTests.swift in Sources */ = {isa = PBXBuildFile; fileRef = CECEE4B22C22134400F1B946 /* ToDoYandexUITestsLaunchTests.swift */; };
		CECEE4C12C2213BD00F1B946 /* TodoItem.swift in Sources */ = {isa = PBXBuildFile; fileRef = CECEE4C02C2213BD00F1B946 /* TodoItem.swift */; };
		CECEE4C42C2215D800F1B946 /* TodoItem+JsonParser.swift in Sources */ = {isa = PBXBuildFile; fileRef = CECEE4C32C2215D800F1B946 /* TodoItem+JsonParser.swift */; };
		CECEE4C62C221FDC00F1B946 /* TodoItem+CsvParser.swift in Sources */ = {isa = PBXBuildFile; fileRef = CECEE4C52C221FDC00F1B946 /* TodoItem+CsvParser.swift */; };
		CEDE565F2C25631F00E8BC21 /* TodoItem+Equatable.swift in Sources */ = {isa = PBXBuildFile; fileRef = CEDE565E2C25631F00E8BC21 /* TodoItem+Equatable.swift */; };
/* End PBXBuildFile section */

/* Begin PBXContainerItemProxy section */
		CECEE4A32C22134400F1B946 /* PBXContainerItemProxy */ = {
			isa = PBXContainerItemProxy;
			containerPortal = CECEE48A2C22134200F1B946 /* Project object */;
			proxyType = 1;
			remoteGlobalIDString = CECEE4912C22134200F1B946;
			remoteInfo = ToDoYandex;
		};
		CECEE4AD2C22134400F1B946 /* PBXContainerItemProxy */ = {
			isa = PBXContainerItemProxy;
			containerPortal = CECEE48A2C22134200F1B946 /* Project object */;
			proxyType = 1;
			remoteGlobalIDString = CECEE4912C22134200F1B946;
			remoteInfo = ToDoYandex;
		};
/* End PBXContainerItemProxy section */

/* Begin PBXFileReference section */
		CE4BC90F2C260AFA00C5A166 /* FileCache.swift */ = {isa = PBXFileReference; lastKnownFileType = sourcecode.swift; path = FileCache.swift; sourceTree = "<group>"; };
		CE4BC9132C261A9700C5A166 /* test.json */ = {isa = PBXFileReference; fileEncoding = 4; lastKnownFileType = text.json; name = test.json; path = "../../../../Library/Developer/XCTestDevices/D0697883-5D35-4A25-9B05-A16E166BA05E/data/Containers/Data/Application/8BABCD60-E6F5-4C7C-A884-C1A9096FF4DF/Documents/test.json"; sourceTree = "<group>"; };
		CECEE4922C22134200F1B946 /* ToDoYandex.app */ = {isa = PBXFileReference; explicitFileType = wrapper.application; includeInIndex = 0; path = ToDoYandex.app; sourceTree = BUILT_PRODUCTS_DIR; };
		CECEE4952C22134200F1B946 /* ToDoYandexApp.swift */ = {isa = PBXFileReference; lastKnownFileType = sourcecode.swift; path = ToDoYandexApp.swift; sourceTree = "<group>"; };
		CECEE4972C22134200F1B946 /* ContentView.swift */ = {isa = PBXFileReference; lastKnownFileType = sourcecode.swift; path = ContentView.swift; sourceTree = "<group>"; };
		CECEE4992C22134300F1B946 /* Assets.xcassets */ = {isa = PBXFileReference; lastKnownFileType = folder.assetcatalog; path = Assets.xcassets; sourceTree = "<group>"; };
		CECEE49C2C22134300F1B946 /* Preview Assets.xcassets */ = {isa = PBXFileReference; lastKnownFileType = folder.assetcatalog; path = "Preview Assets.xcassets"; sourceTree = "<group>"; };
		CECEE4A22C22134400F1B946 /* ToDoYandexTests.xctest */ = {isa = PBXFileReference; explicitFileType = wrapper.cfbundle; includeInIndex = 0; path = ToDoYandexTests.xctest; sourceTree = BUILT_PRODUCTS_DIR; };
		CECEE4A62C22134400F1B946 /* ToDoYandexTests.swift */ = {isa = PBXFileReference; lastKnownFileType = sourcecode.swift; path = ToDoYandexTests.swift; sourceTree = "<group>"; };
		CECEE4AC2C22134400F1B946 /* ToDoYandexUITests.xctest */ = {isa = PBXFileReference; explicitFileType = wrapper.cfbundle; includeInIndex = 0; path = ToDoYandexUITests.xctest; sourceTree = BUILT_PRODUCTS_DIR; };
		CECEE4B02C22134400F1B946 /* ToDoYandexUITests.swift */ = {isa = PBXFileReference; lastKnownFileType = sourcecode.swift; path = ToDoYandexUITests.swift; sourceTree = "<group>"; };
		CECEE4B22C22134400F1B946 /* ToDoYandexUITestsLaunchTests.swift */ = {isa = PBXFileReference; lastKnownFileType = sourcecode.swift; path = ToDoYandexUITestsLaunchTests.swift; sourceTree = "<group>"; };
		CECEE4C02C2213BD00F1B946 /* TodoItem.swift */ = {isa = PBXFileReference; lastKnownFileType = sourcecode.swift; path = TodoItem.swift; sourceTree = "<group>"; };
		CECEE4C32C2215D800F1B946 /* TodoItem+JsonParser.swift */ = {isa = PBXFileReference; lastKnownFileType = sourcecode.swift; path = "TodoItem+JsonParser.swift"; sourceTree = "<group>"; };
		CECEE4C52C221FDC00F1B946 /* TodoItem+CsvParser.swift */ = {isa = PBXFileReference; lastKnownFileType = sourcecode.swift; path = "TodoItem+CsvParser.swift"; sourceTree = "<group>"; };
		CEDE565E2C25631F00E8BC21 /* TodoItem+Equatable.swift */ = {isa = PBXFileReference; lastKnownFileType = sourcecode.swift; path = "TodoItem+Equatable.swift"; sourceTree = "<group>"; };
/* End PBXFileReference section */

/* Begin PBXFrameworksBuildPhase section */
		CECEE48F2C22134200F1B946 /* Frameworks */ = {
			isa = PBXFrameworksBuildPhase;
			buildActionMask = 2147483647;
			files = (
			);
			runOnlyForDeploymentPostprocessing = 0;
		};
		CECEE49F2C22134400F1B946 /* Frameworks */ = {
			isa = PBXFrameworksBuildPhase;
			buildActionMask = 2147483647;
			files = (
			);
			runOnlyForDeploymentPostprocessing = 0;
		};
		CECEE4A92C22134400F1B946 /* Frameworks */ = {
			isa = PBXFrameworksBuildPhase;
			buildActionMask = 2147483647;
			files = (
			);
			runOnlyForDeploymentPostprocessing = 0;
		};
/* End PBXFrameworksBuildPhase section */

/* Begin PBXGroup section */
		CE4BC90E2C260AEA00C5A166 /* Service */ = {
			isa = PBXGroup;
			children = (
				CE4BC90F2C260AFA00C5A166 /* FileCache.swift */,
			);
			path = Service;
			sourceTree = "<group>";
		};
		CECEE4892C22134200F1B946 = {
			isa = PBXGroup;
			children = (
				CE4BC9132C261A9700C5A166 /* test.json */,
				CECEE4942C22134200F1B946 /* ToDoYandex */,
				CECEE4A52C22134400F1B946 /* ToDoYandexTests */,
				CECEE4AF2C22134400F1B946 /* ToDoYandexUITests */,
				CECEE4932C22134200F1B946 /* Products */,
			);
			sourceTree = "<group>";
		};
		CECEE4932C22134200F1B946 /* Products */ = {
			isa = PBXGroup;
			children = (
				CECEE4922C22134200F1B946 /* ToDoYandex.app */,
				CECEE4A22C22134400F1B946 /* ToDoYandexTests.xctest */,
				CECEE4AC2C22134400F1B946 /* ToDoYandexUITests.xctest */,
			);
			name = Products;
			sourceTree = "<group>";
		};
		CECEE4942C22134200F1B946 /* ToDoYandex */ = {
			isa = PBXGroup;
			children = (
				CE4BC90E2C260AEA00C5A166 /* Service */,
				CECEE4C22C22159200F1B946 /* Extension */,
				CECEE4BF2C2213A800F1B946 /* Model */,
				CECEE4952C22134200F1B946 /* ToDoYandexApp.swift */,
				CECEE4972C22134200F1B946 /* ContentView.swift */,
				CECEE4992C22134300F1B946 /* Assets.xcassets */,
				CECEE49B2C22134300F1B946 /* Preview Content */,
			);
			path = ToDoYandex;
			sourceTree = "<group>";
		};
		CECEE49B2C22134300F1B946 /* Preview Content */ = {
			isa = PBXGroup;
			children = (
				CECEE49C2C22134300F1B946 /* Preview Assets.xcassets */,
			);
			path = "Preview Content";
			sourceTree = "<group>";
		};
		CECEE4A52C22134400F1B946 /* ToDoYandexTests */ = {
			isa = PBXGroup;
			children = (
				CECEE4A62C22134400F1B946 /* ToDoYandexTests.swift */,
			);
			path = ToDoYandexTests;
			sourceTree = "<group>";
		};
		CECEE4AF2C22134400F1B946 /* ToDoYandexUITests */ = {
			isa = PBXGroup;
			children = (
				CECEE4B02C22134400F1B946 /* ToDoYandexUITests.swift */,
				CECEE4B22C22134400F1B946 /* ToDoYandexUITestsLaunchTests.swift */,
			);
			path = ToDoYandexUITests;
			sourceTree = "<group>";
		};
		CECEE4BF2C2213A800F1B946 /* Model */ = {
			isa = PBXGroup;
			children = (
				CECEE4C02C2213BD00F1B946 /* TodoItem.swift */,
			);
			path = Model;
			sourceTree = "<group>";
		};
		CECEE4C22C22159200F1B946 /* Extension */ = {
			isa = PBXGroup;
			children = (
				CECEE4C32C2215D800F1B946 /* TodoItem+JsonParser.swift */,
				CECEE4C52C221FDC00F1B946 /* TodoItem+CsvParser.swift */,
				CEDE565E2C25631F00E8BC21 /* TodoItem+Equatable.swift */,
			);
			path = Extension;
			sourceTree = "<group>";
		};
/* End PBXGroup section */

/* Begin PBXNativeTarget section */
		CECEE4912C22134200F1B946 /* ToDoYandex */ = {
			isa = PBXNativeTarget;
			buildConfigurationList = CECEE4B62C22134400F1B946 /* Build configuration list for PBXNativeTarget "ToDoYandex" */;
			buildPhases = (
				CECEE48E2C22134200F1B946 /* Sources */,
				CECEE48F2C22134200F1B946 /* Frameworks */,
				CECEE4902C22134200F1B946 /* Resources */,
			);
			buildRules = (
			);
			dependencies = (
			);
			name = ToDoYandex;
			productName = ToDoYandex;
			productReference = CECEE4922C22134200F1B946 /* ToDoYandex.app */;
			productType = "com.apple.product-type.application";
		};
		CECEE4A12C22134400F1B946 /* ToDoYandexTests */ = {
			isa = PBXNativeTarget;
			buildConfigurationList = CECEE4B92C22134400F1B946 /* Build configuration list for PBXNativeTarget "ToDoYandexTests" */;
			buildPhases = (
				CECEE49E2C22134400F1B946 /* Sources */,
				CECEE49F2C22134400F1B946 /* Frameworks */,
				CECEE4A02C22134400F1B946 /* Resources */,
			);
			buildRules = (
			);
			dependencies = (
				CECEE4A42C22134400F1B946 /* PBXTargetDependency */,
			);
			name = ToDoYandexTests;
			productName = ToDoYandexTests;
			productReference = CECEE4A22C22134400F1B946 /* ToDoYandexTests.xctest */;
			productType = "com.apple.product-type.bundle.unit-test";
		};
		CECEE4AB2C22134400F1B946 /* ToDoYandexUITests */ = {
			isa = PBXNativeTarget;
			buildConfigurationList = CECEE4BC2C22134400F1B946 /* Build configuration list for PBXNativeTarget "ToDoYandexUITests" */;
			buildPhases = (
				CECEE4A82C22134400F1B946 /* Sources */,
				CECEE4A92C22134400F1B946 /* Frameworks */,
				CECEE4AA2C22134400F1B946 /* Resources */,
			);
			buildRules = (
			);
			dependencies = (
				CECEE4AE2C22134400F1B946 /* PBXTargetDependency */,
			);
			name = ToDoYandexUITests;
			productName = ToDoYandexUITests;
			productReference = CECEE4AC2C22134400F1B946 /* ToDoYandexUITests.xctest */;
			productType = "com.apple.product-type.bundle.ui-testing";
		};
/* End PBXNativeTarget section */

/* Begin PBXProject section */
		CECEE48A2C22134200F1B946 /* Project object */ = {
			isa = PBXProject;
			attributes = {
				BuildIndependentTargetsInParallel = 1;
				LastSwiftUpdateCheck = 1400;
				LastUpgradeCheck = 1400;
				TargetAttributes = {
					CECEE4912C22134200F1B946 = {
						CreatedOnToolsVersion = 14.0.1;
					};
					CECEE4A12C22134400F1B946 = {
						CreatedOnToolsVersion = 14.0.1;
						TestTargetID = CECEE4912C22134200F1B946;
					};
					CECEE4AB2C22134400F1B946 = {
						CreatedOnToolsVersion = 14.0.1;
						TestTargetID = CECEE4912C22134200F1B946;
					};
				};
			};
			buildConfigurationList = CECEE48D2C22134200F1B946 /* Build configuration list for PBXProject "ToDoYandex" */;
			compatibilityVersion = "Xcode 14.0";
			developmentRegion = en;
			hasScannedForEncodings = 0;
			knownRegions = (
				en,
				Base,
			);
			mainGroup = CECEE4892C22134200F1B946;
			productRefGroup = CECEE4932C22134200F1B946 /* Products */;
			projectDirPath = "";
			projectRoot = "";
			targets = (
				CECEE4912C22134200F1B946 /* ToDoYandex */,
				CECEE4A12C22134400F1B946 /* ToDoYandexTests */,
				CECEE4AB2C22134400F1B946 /* ToDoYandexUITests */,
			);
		};
/* End PBXProject section */

/* Begin PBXResourcesBuildPhase section */
		CECEE4902C22134200F1B946 /* Resources */ = {
			isa = PBXResourcesBuildPhase;
			buildActionMask = 2147483647;
			files = (
				CECEE49D2C22134300F1B946 /* Preview Assets.xcassets in Resources */,
				CE4BC9142C261A9700C5A166 /* test.json in Resources */,
				CECEE49A2C22134300F1B946 /* Assets.xcassets in Resources */,
			);
			runOnlyForDeploymentPostprocessing = 0;
		};
		CECEE4A02C22134400F1B946 /* Resources */ = {
			isa = PBXResourcesBuildPhase;
			buildActionMask = 2147483647;
			files = (
			);
			runOnlyForDeploymentPostprocessing = 0;
		};
		CECEE4AA2C22134400F1B946 /* Resources */ = {
			isa = PBXResourcesBuildPhase;
			buildActionMask = 2147483647;
			files = (
			);
			runOnlyForDeploymentPostprocessing = 0;
		};
/* End PBXResourcesBuildPhase section */

/* Begin PBXSourcesBuildPhase section */
		CECEE48E2C22134200F1B946 /* Sources */ = {
			isa = PBXSourcesBuildPhase;
			buildActionMask = 2147483647;
			files = (
				CECEE4C62C221FDC00F1B946 /* TodoItem+CsvParser.swift in Sources */,
				CEDE565F2C25631F00E8BC21 /* TodoItem+Equatable.swift in Sources */,
				CE4BC9102C260AFA00C5A166 /* FileCache.swift in Sources */,
				CECEE4982C22134200F1B946 /* ContentView.swift in Sources */,
				CECEE4C12C2213BD00F1B946 /* TodoItem.swift in Sources */,
				CECEE4962C22134200F1B946 /* ToDoYandexApp.swift in Sources */,
				CECEE4C42C2215D800F1B946 /* TodoItem+JsonParser.swift in Sources */,
			);
			runOnlyForDeploymentPostprocessing = 0;
		};
		CECEE49E2C22134400F1B946 /* Sources */ = {
			isa = PBXSourcesBuildPhase;
			buildActionMask = 2147483647;
			files = (
				CECEE4A72C22134400F1B946 /* ToDoYandexTests.swift in Sources */,
			);
			runOnlyForDeploymentPostprocessing = 0;
		};
		CECEE4A82C22134400F1B946 /* Sources */ = {
			isa = PBXSourcesBuildPhase;
			buildActionMask = 2147483647;
			files = (
				CECEE4B12C22134400F1B946 /* ToDoYandexUITests.swift in Sources */,
				CECEE4B32C22134400F1B946 /* ToDoYandexUITestsLaunchTests.swift in Sources */,
			);
			runOnlyForDeploymentPostprocessing = 0;
		};
/* End PBXSourcesBuildPhase section */

/* Begin PBXTargetDependency section */
		CECEE4A42C22134400F1B946 /* PBXTargetDependency */ = {
			isa = PBXTargetDependency;
			target = CECEE4912C22134200F1B946 /* ToDoYandex */;
			targetProxy = CECEE4A32C22134400F1B946 /* PBXContainerItemProxy */;
		};
		CECEE4AE2C22134400F1B946 /* PBXTargetDependency */ = {
			isa = PBXTargetDependency;
			target = CECEE4912C22134200F1B946 /* ToDoYandex */;
			targetProxy = CECEE4AD2C22134400F1B946 /* PBXContainerItemProxy */;
		};
/* End PBXTargetDependency section */

/* Begin XCBuildConfiguration section */
		CECEE4B42C22134400F1B946 /* Debug */ = {
			isa = XCBuildConfiguration;
			buildSettings = {
				ALWAYS_SEARCH_USER_PATHS = NO;
				CLANG_ANALYZER_NONNULL = YES;
				CLANG_ANALYZER_NUMBER_OBJECT_CONVERSION = YES_AGGRESSIVE;
				CLANG_CXX_LANGUAGE_STANDARD = "gnu++20";
				CLANG_ENABLE_MODULES = YES;
				CLANG_ENABLE_OBJC_ARC = YES;
				CLANG_ENABLE_OBJC_WEAK = YES;
				CLANG_WARN_BLOCK_CAPTURE_AUTORELEASING = YES;
				CLANG_WARN_BOOL_CONVERSION = YES;
				CLANG_WARN_COMMA = YES;
				CLANG_WARN_CONSTANT_CONVERSION = YES;
				CLANG_WARN_DEPRECATED_OBJC_IMPLEMENTATIONS = YES;
				CLANG_WARN_DIRECT_OBJC_ISA_USAGE = YES_ERROR;
				CLANG_WARN_DOCUMENTATION_COMMENTS = YES;
				CLANG_WARN_EMPTY_BODY = YES;
				CLANG_WARN_ENUM_CONVERSION = YES;
				CLANG_WARN_INFINITE_RECURSION = YES;
				CLANG_WARN_INT_CONVERSION = YES;
				CLANG_WARN_NON_LITERAL_NULL_CONVERSION = YES;
				CLANG_WARN_OBJC_IMPLICIT_RETAIN_SELF = YES;
				CLANG_WARN_OBJC_LITERAL_CONVERSION = YES;
				CLANG_WARN_OBJC_ROOT_CLASS = YES_ERROR;
				CLANG_WARN_QUOTED_INCLUDE_IN_FRAMEWORK_HEADER = YES;
				CLANG_WARN_RANGE_LOOP_ANALYSIS = YES;
				CLANG_WARN_STRICT_PROTOTYPES = YES;
				CLANG_WARN_SUSPICIOUS_MOVE = YES;
				CLANG_WARN_UNGUARDED_AVAILABILITY = YES_AGGRESSIVE;
				CLANG_WARN_UNREACHABLE_CODE = YES;
				CLANG_WARN__DUPLICATE_METHOD_MATCH = YES;
				COPY_PHASE_STRIP = NO;
				DEBUG_INFORMATION_FORMAT = dwarf;
				ENABLE_STRICT_OBJC_MSGSEND = YES;
				ENABLE_TESTABILITY = YES;
				GCC_C_LANGUAGE_STANDARD = gnu11;
				GCC_DYNAMIC_NO_PIC = NO;
				GCC_NO_COMMON_BLOCKS = YES;
				GCC_OPTIMIZATION_LEVEL = 0;
				GCC_PREPROCESSOR_DEFINITIONS = (
					"DEBUG=1",
					"$(inherited)",
				);
				GCC_WARN_64_TO_32_BIT_CONVERSION = YES;
				GCC_WARN_ABOUT_RETURN_TYPE = YES_ERROR;
				GCC_WARN_UNDECLARED_SELECTOR = YES;
				GCC_WARN_UNINITIALIZED_AUTOS = YES_AGGRESSIVE;
				GCC_WARN_UNUSED_FUNCTION = YES;
				GCC_WARN_UNUSED_VARIABLE = YES;
				IPHONEOS_DEPLOYMENT_TARGET = 16.0;
				MTL_ENABLE_DEBUG_INFO = INCLUDE_SOURCE;
				MTL_FAST_MATH = YES;
				ONLY_ACTIVE_ARCH = YES;
				SDKROOT = iphoneos;
				SWIFT_ACTIVE_COMPILATION_CONDITIONS = DEBUG;
				SWIFT_OPTIMIZATION_LEVEL = "-Onone";
			};
			name = Debug;
		};
		CECEE4B52C22134400F1B946 /* Release */ = {
			isa = XCBuildConfiguration;
			buildSettings = {
				ALWAYS_SEARCH_USER_PATHS = NO;
				CLANG_ANALYZER_NONNULL = YES;
				CLANG_ANALYZER_NUMBER_OBJECT_CONVERSION = YES_AGGRESSIVE;
				CLANG_CXX_LANGUAGE_STANDARD = "gnu++20";
				CLANG_ENABLE_MODULES = YES;
				CLANG_ENABLE_OBJC_ARC = YES;
				CLANG_ENABLE_OBJC_WEAK = YES;
				CLANG_WARN_BLOCK_CAPTURE_AUTORELEASING = YES;
				CLANG_WARN_BOOL_CONVERSION = YES;
				CLANG_WARN_COMMA = YES;
				CLANG_WARN_CONSTANT_CONVERSION = YES;
				CLANG_WARN_DEPRECATED_OBJC_IMPLEMENTATIONS = YES;
				CLANG_WARN_DIRECT_OBJC_ISA_USAGE = YES_ERROR;
				CLANG_WARN_DOCUMENTATION_COMMENTS = YES;
				CLANG_WARN_EMPTY_BODY = YES;
				CLANG_WARN_ENUM_CONVERSION = YES;
				CLANG_WARN_INFINITE_RECURSION = YES;
				CLANG_WARN_INT_CONVERSION = YES;
				CLANG_WARN_NON_LITERAL_NULL_CONVERSION = YES;
				CLANG_WARN_OBJC_IMPLICIT_RETAIN_SELF = YES;
				CLANG_WARN_OBJC_LITERAL_CONVERSION = YES;
				CLANG_WARN_OBJC_ROOT_CLASS = YES_ERROR;
				CLANG_WARN_QUOTED_INCLUDE_IN_FRAMEWORK_HEADER = YES;
				CLANG_WARN_RANGE_LOOP_ANALYSIS = YES;
				CLANG_WARN_STRICT_PROTOTYPES = YES;
				CLANG_WARN_SUSPICIOUS_MOVE = YES;
				CLANG_WARN_UNGUARDED_AVAILABILITY = YES_AGGRESSIVE;
				CLANG_WARN_UNREACHABLE_CODE = YES;
				CLANG_WARN__DUPLICATE_METHOD_MATCH = YES;
				COPY_PHASE_STRIP = NO;
				DEBUG_INFORMATION_FORMAT = "dwarf-with-dsym";
				ENABLE_NS_ASSERTIONS = NO;
				ENABLE_STRICT_OBJC_MSGSEND = YES;
				GCC_C_LANGUAGE_STANDARD = gnu11;
				GCC_NO_COMMON_BLOCKS = YES;
				GCC_WARN_64_TO_32_BIT_CONVERSION = YES;
				GCC_WARN_ABOUT_RETURN_TYPE = YES_ERROR;
				GCC_WARN_UNDECLARED_SELECTOR = YES;
				GCC_WARN_UNINITIALIZED_AUTOS = YES_AGGRESSIVE;
				GCC_WARN_UNUSED_FUNCTION = YES;
				GCC_WARN_UNUSED_VARIABLE = YES;
				IPHONEOS_DEPLOYMENT_TARGET = 16.0;
				MTL_ENABLE_DEBUG_INFO = NO;
				MTL_FAST_MATH = YES;
				SDKROOT = iphoneos;
				SWIFT_COMPILATION_MODE = wholemodule;
				SWIFT_OPTIMIZATION_LEVEL = "-O";
				VALIDATE_PRODUCT = YES;
			};
			name = Release;
		};
		CECEE4B72C22134400F1B946 /* Debug */ = {
			isa = XCBuildConfiguration;
			buildSettings = {
				ASSETCATALOG_COMPILER_APPICON_NAME = AppIcon;
				ASSETCATALOG_COMPILER_GLOBAL_ACCENT_COLOR_NAME = AccentColor;
				CODE_SIGN_STYLE = Automatic;
				CURRENT_PROJECT_VERSION = 1;
				DEVELOPMENT_ASSET_PATHS = "\"ToDoYandex/Preview Content\"";
				ENABLE_PREVIEWS = YES;
				GENERATE_INFOPLIST_FILE = YES;
				INFOPLIST_KEY_UIApplicationSceneManifest_Generation = YES;
				INFOPLIST_KEY_UIApplicationSupportsIndirectInputEvents = YES;
				INFOPLIST_KEY_UILaunchScreen_Generation = YES;
				INFOPLIST_KEY_UISupportedInterfaceOrientations_iPad = "UIInterfaceOrientationPortrait UIInterfaceOrientationPortraitUpsideDown UIInterfaceOrientationLandscapeLeft UIInterfaceOrientationLandscapeRight";
				INFOPLIST_KEY_UISupportedInterfaceOrientations_iPhone = "UIInterfaceOrientationPortrait UIInterfaceOrientationLandscapeLeft UIInterfaceOrientationLandscapeRight";
				LD_RUNPATH_SEARCH_PATHS = (
					"$(inherited)",
					"@executable_path/Frameworks",
				);
				MARKETING_VERSION = 1.0;
				PRODUCT_BUNDLE_IDENTIFIER = e.ToDoYandex;
				PRODUCT_NAME = "$(TARGET_NAME)";
				SWIFT_EMIT_LOC_STRINGS = YES;
				SWIFT_VERSION = 5.0;
				TARGETED_DEVICE_FAMILY = "1,2";
			};
			name = Debug;
		};
		CECEE4B82C22134400F1B946 /* Release */ = {
			isa = XCBuildConfiguration;
			buildSettings = {
				ASSETCATALOG_COMPILER_APPICON_NAME = AppIcon;
				ASSETCATALOG_COMPILER_GLOBAL_ACCENT_COLOR_NAME = AccentColor;
				CODE_SIGN_STYLE = Automatic;
				CURRENT_PROJECT_VERSION = 1;
				DEVELOPMENT_ASSET_PATHS = "\"ToDoYandex/Preview Content\"";
				ENABLE_PREVIEWS = YES;
				GENERATE_INFOPLIST_FILE = YES;
				INFOPLIST_KEY_UIApplicationSceneManifest_Generation = YES;
				INFOPLIST_KEY_UIApplicationSupportsIndirectInputEvents = YES;
				INFOPLIST_KEY_UILaunchScreen_Generation = YES;
				INFOPLIST_KEY_UISupportedInterfaceOrientations_iPad = "UIInterfaceOrientationPortrait UIInterfaceOrientationPortraitUpsideDown UIInterfaceOrientationLandscapeLeft UIInterfaceOrientationLandscapeRight";
				INFOPLIST_KEY_UISupportedInterfaceOrientations_iPhone = "UIInterfaceOrientationPortrait UIInterfaceOrientationLandscapeLeft UIInterfaceOrientationLandscapeRight";
				LD_RUNPATH_SEARCH_PATHS = (
					"$(inherited)",
					"@executable_path/Frameworks",
				);
				MARKETING_VERSION = 1.0;
				PRODUCT_BUNDLE_IDENTIFIER = e.ToDoYandex;
				PRODUCT_NAME = "$(TARGET_NAME)";
				SWIFT_EMIT_LOC_STRINGS = YES;
				SWIFT_VERSION = 5.0;
				TARGETED_DEVICE_FAMILY = "1,2";
			};
			name = Release;
		};
		CECEE4BA2C22134400F1B946 /* Debug */ = {
			isa = XCBuildConfiguration;
			buildSettings = {
				ALWAYS_EMBED_SWIFT_STANDARD_LIBRARIES = YES;
				BUNDLE_LOADER = "$(TEST_HOST)";
				CODE_SIGN_STYLE = Automatic;
				CURRENT_PROJECT_VERSION = 1;
				GENERATE_INFOPLIST_FILE = YES;
				IPHONEOS_DEPLOYMENT_TARGET = 16.0;
				MARKETING_VERSION = 1.0;
				PRODUCT_BUNDLE_IDENTIFIER = e.ToDoYandexTests;
				PRODUCT_NAME = "$(TARGET_NAME)";
				SWIFT_EMIT_LOC_STRINGS = NO;
				SWIFT_VERSION = 5.0;
				TARGETED_DEVICE_FAMILY = "1,2";
				TEST_HOST = "$(BUILT_PRODUCTS_DIR)/ToDoYandex.app/$(BUNDLE_EXECUTABLE_FOLDER_PATH)/ToDoYandex";
			};
			name = Debug;
		};
		CECEE4BB2C22134400F1B946 /* Release */ = {
			isa = XCBuildConfiguration;
			buildSettings = {
				ALWAYS_EMBED_SWIFT_STANDARD_LIBRARIES = YES;
				BUNDLE_LOADER = "$(TEST_HOST)";
				CODE_SIGN_STYLE = Automatic;
				CURRENT_PROJECT_VERSION = 1;
				GENERATE_INFOPLIST_FILE = YES;
				IPHONEOS_DEPLOYMENT_TARGET = 16.0;
				MARKETING_VERSION = 1.0;
				PRODUCT_BUNDLE_IDENTIFIER = e.ToDoYandexTests;
				PRODUCT_NAME = "$(TARGET_NAME)";
				SWIFT_EMIT_LOC_STRINGS = NO;
				SWIFT_VERSION = 5.0;
				TARGETED_DEVICE_FAMILY = "1,2";
				TEST_HOST = "$(BUILT_PRODUCTS_DIR)/ToDoYandex.app/$(BUNDLE_EXECUTABLE_FOLDER_PATH)/ToDoYandex";
			};
			name = Release;
		};
		CECEE4BD2C22134400F1B946 /* Debug */ = {
			isa = XCBuildConfiguration;
			buildSettings = {
				ALWAYS_EMBED_SWIFT_STANDARD_LIBRARIES = YES;
				CODE_SIGN_STYLE = Automatic;
				CURRENT_PROJECT_VERSION = 1;
				GENERATE_INFOPLIST_FILE = YES;
				MARKETING_VERSION = 1.0;
				PRODUCT_BUNDLE_IDENTIFIER = e.ToDoYandexUITests;
				PRODUCT_NAME = "$(TARGET_NAME)";
				SWIFT_EMIT_LOC_STRINGS = NO;
				SWIFT_VERSION = 5.0;
				TARGETED_DEVICE_FAMILY = "1,2";
				TEST_TARGET_NAME = ToDoYandex;
			};
			name = Debug;
		};
		CECEE4BE2C22134400F1B946 /* Release */ = {
			isa = XCBuildConfiguration;
			buildSettings = {
				ALWAYS_EMBED_SWIFT_STANDARD_LIBRARIES = YES;
				CODE_SIGN_STYLE = Automatic;
				CURRENT_PROJECT_VERSION = 1;
				GENERATE_INFOPLIST_FILE = YES;
				MARKETING_VERSION = 1.0;
				PRODUCT_BUNDLE_IDENTIFIER = e.ToDoYandexUITests;
				PRODUCT_NAME = "$(TARGET_NAME)";
				SWIFT_EMIT_LOC_STRINGS = NO;
				SWIFT_VERSION = 5.0;
				TARGETED_DEVICE_FAMILY = "1,2";
				TEST_TARGET_NAME = ToDoYandex;
			};
			name = Release;
		};
/* End XCBuildConfiguration section */

/* Begin XCConfigurationList section */
		CECEE48D2C22134200F1B946 /* Build configuration list for PBXProject "ToDoYandex" */ = {
			isa = XCConfigurationList;
			buildConfigurations = (
				CECEE4B42C22134400F1B946 /* Debug */,
				CECEE4B52C22134400F1B946 /* Release */,
			);
			defaultConfigurationIsVisible = 0;
			defaultConfigurationName = Release;
		};
		CECEE4B62C22134400F1B946 /* Build configuration list for PBXNativeTarget "ToDoYandex" */ = {
			isa = XCConfigurationList;
			buildConfigurations = (
				CECEE4B72C22134400F1B946 /* Debug */,
				CECEE4B82C22134400F1B946 /* Release */,
			);
			defaultConfigurationIsVisible = 0;
			defaultConfigurationName = Release;
		};
		CECEE4B92C22134400F1B946 /* Build configuration list for PBXNativeTarget "ToDoYandexTests" */ = {
			isa = XCConfigurationList;
			buildConfigurations = (
				CECEE4BA2C22134400F1B946 /* Debug */,
				CECEE4BB2C22134400F1B946 /* Release */,
			);
			defaultConfigurationIsVisible = 0;
			defaultConfigurationName = Release;
		};
		CECEE4BC2C22134400F1B946 /* Build configuration list for PBXNativeTarget "ToDoYandexUITests" */ = {
			isa = XCConfigurationList;
			buildConfigurations = (
				CECEE4BD2C22134400F1B946 /* Debug */,
				CECEE4BE2C22134400F1B946 /* Release */,
			);
			defaultConfigurationIsVisible = 0;
			defaultConfigurationName = Release;
		};
/* End XCConfigurationList section */
	};
	rootObject = CECEE48A2C22134200F1B946 /* Project object */;
}
